
Microsoft Visual Studio Solution File, Format Version 12.00
# Visual Studio Version 17
VisualStudioVersion = 17.9.34902.65
MinimumVisualStudioVersion = 10.0.40219.1
Project("{FAE04EC0-301F-11D3-BF4B-00C04F79EFBC}") = "Wetterdatenauswertung", "Wetterdatenauswertung\Wetterdatenauswertung.csproj", "{6F9DE02E-322B-44F1-B482-E8DA655924FA}"
EndProject
Global
	GlobalSection(SolutionConfigurationPlatforms) = preSolution
		Debug|Any CPU = Debug|Any CPU
		Release|Any CPU = Release|Any CPU
	EndGlobalSection
	GlobalSection(ProjectConfigurationPlatforms) = postSolution
		{6F9DE02E-322B-44F1-B482-E8DA655924FA}.Debug|Any CPU.ActiveCfg = Debug|Any CPU
		{6F9DE02E-322B-44F1-B482-E8DA655924FA}.Debug|Any CPU.Build.0 = Debug|Any CPU
		{6F9DE02E-322B-44F1-B482-E8DA655924FA}.Release|Any CPU.ActiveCfg = Release|Any CPU
		{6F9DE02E-322B-44F1-B482-E8DA655924FA}.Release|Any CPU.Build.0 = Release|Any CPU
	EndGlobalSection
	GlobalSection(SolutionProperties) = preSolution
		HideSolutionNode = FALSE
	EndGlobalSection
	GlobalSection(ExtensibilityGlobals) = postSolution
		SolutionGuid = {8C5685F4-14AC-4C9D-80D7-B5BF1E5AADCA}
	EndGlobalSection
EndGlobal
